
Microsoft Visual Studio Solution File, Format Version 12.00
# Visual Studio Version 17
VisualStudioVersion = 17.11.35303.130
MinimumVisualStudioVersion = 10.0.40219.1
Project("{8BC9CEB8-8B4A-11D0-8D11-00A0C91BC942}") = "Lab9.2.2", "Lab9.2.2\Lab9.2.2.vcxproj", "{86533FD1-1D6A-49D8-9359-0286FBE0A4CF}"
EndProject
Project("{8BC9CEB8-8B4A-11D0-8D11-00A0C91BC942}") = "UnitTest1", "UnitTest1\UnitTest1.vcxproj", "{BA18D5FC-309C-4395-AF4B-9A97A356C161}"
EndProject
Global
	GlobalSection(SolutionConfigurationPlatforms) = preSolution
		Debug|x64 = Debug|x64
		Debug|x86 = Debug|x86
		Release|x64 = Release|x64
		Release|x86 = Release|x86
	EndGlobalSection
	GlobalSection(ProjectConfigurationPlatforms) = postSolution
		{86533FD1-1D6A-49D8-9359-0286FBE0A4CF}.Debug|x64.ActiveCfg = Debug|x64
		{86533FD1-1D6A-49D8-9359-0286FBE0A4CF}.Debug|x64.Build.0 = Debug|x64
		{86533FD1-1D6A-49D8-9359-0286FBE0A4CF}.Debug|x86.ActiveCfg = Debug|Win32
		{86533FD1-1D6A-49D8-9359-0286FBE0A4CF}.Debug|x86.Build.0 = Debug|Win32
		{86533FD1-1D6A-49D8-9359-0286FBE0A4CF}.Release|x64.ActiveCfg = Release|x64
		{86533FD1-1D6A-49D8-9359-0286FBE0A4CF}.Release|x64.Build.0 = Release|x64
		{86533FD1-1D6A-49D8-9359-0286FBE0A4CF}.Release|x86.ActiveCfg = Release|Win32
		{86533FD1-1D6A-49D8-9359-0286FBE0A4CF}.Release|x86.Build.0 = Release|Win32
		{BA18D5FC-309C-4395-AF4B-9A97A356C161}.Debug|x64.ActiveCfg = Debug|x64
		{BA18D5FC-309C-4395-AF4B-9A97A356C161}.Debug|x64.Build.0 = Debug|x64
		{BA18D5FC-309C-4395-AF4B-9A97A356C161}.Debug|x86.ActiveCfg = Debug|Win32
		{BA18D5FC-309C-4395-AF4B-9A97A356C161}.Debug|x86.Build.0 = Debug|Win32
		{BA18D5FC-309C-4395-AF4B-9A97A356C161}.Release|x64.ActiveCfg = Release|x64
		{BA18D5FC-309C-4395-AF4B-9A97A356C161}.Release|x64.Build.0 = Release|x64
		{BA18D5FC-309C-4395-AF4B-9A97A356C161}.Release|x86.ActiveCfg = Release|Win32
		{BA18D5FC-309C-4395-AF4B-9A97A356C161}.Release|x86.Build.0 = Release|Win32
	EndGlobalSection
	GlobalSection(SolutionProperties) = preSolution
		HideSolutionNode = FALSE
	EndGlobalSection
	GlobalSection(ExtensibilityGlobals) = postSolution
		SolutionGuid = {23549FB0-0C02-49BF-8DE7-9359143DFE8A}
	EndGlobalSection
EndGlobal
